
Microsoft Visual Studio Solution File, Format Version 12.00
# Visual Studio Version 17
VisualStudioVersion = 17.11.35303.130
MinimumVisualStudioVersion = 10.0.40219.1
Project("{2150E333-8FDC-42A3-9474-1A3956D46DE8}") = "Task0", "Task0", "{BC3188D1-6175-47AF-B15A-2EBFF7661510}"
EndProject
Project("{FAE04EC0-301F-11D3-BF4B-00C04F79EFBC}") = "Tyuiu.OgorodnikDV.Sprint0.Task0.V0", "Tyuiu.OgorodnikDV.Sprint0.Task0.V0\Tyuiu.OgorodnikDV.Sprint0.Task0.V0.csproj", "{6FA116A9-0616-44BD-AFEB-309B0C8BADC3}"
EndProject
Project("{2150E333-8FDC-42A3-9474-1A3956D46DE8}") = "Task1", "Task1", "{7C948DB8-8B91-493F-AFCC-9D1CD37403AC}"
EndProject
Project("{FAE04EC0-301F-11D3-BF4B-00C04F79EFBC}") = "Tyuiu.OgorodnikDV.Sprint0.Task1.V0", "Tyuiu.OgorodnikDV.Sprint0.Task1.V0\Tyuiu.OgorodnikDV.Sprint0.Task1.V0.csproj", "{1DE3829D-9DAA-46BD-AC9F-52BF28EB1DFC}"
EndProject
Project("{FAE04EC0-301F-11D3-BF4B-00C04F79EFBC}") = "Tyuiu.OgorodnikDV.Sprint0.Task2.V0", "Tyuiu.OgorodnikDV.Sprint0.Task2.V0\Tyuiu.OgorodnikDV.Sprint0.Task2.V0.csproj", "{864BAD2F-A1CA-437B-B04E-2575EE2A8FE9}"
EndProject
Project("{2150E333-8FDC-42A3-9474-1A3956D46DE8}") = "Task2", "Task2", "{98517031-EAE2-482F-8F42-0BF2241909BA}"
EndProject
Project("{FAE04EC0-301F-11D3-BF4B-00C04F79EFBC}") = "Tyuiu.OgorodnikDV.Sprint0.Task2.V0.Lib", "Tyuiu.OgorodnikDV.Sprint0.Task2.V0.Lib\Tyuiu.OgorodnikDV.Sprint0.Task2.V0.Lib.csproj", "{F57567F3-94A2-4B1D-A781-4AE0AD1919FC}"
EndProject
Project("{FAE04EC0-301F-11D3-BF4B-00C04F79EFBC}") = "Tyuiu.OgorodnikDV.Sprint0.Task2.V0.Test", "Tyuiu.OgorodnikDV.Sprint0.Task2.V0.Test\Tyuiu.OgorodnikDV.Sprint0.Task2.V0.Test.csproj", "{1606A3FD-E6AF-4B72-80F8-27707A2B4F6C}"
EndProject
Project("{2150E333-8FDC-42A3-9474-1A3956D46DE8}") = "Task3", "Task3", "{B94FB4B6-8E6B-4EC5-BE0A-1A77A52653CA}"
EndProject
Project("{FAE04EC0-301F-11D3-BF4B-00C04F79EFBC}") = "Tyuiu.OgorodnikDV.Sprint0.Task3.V0.Test", "Tyuiu.OgorodnikDV.Sprint0.Task3.V0.Test\Tyuiu.OgorodnikDV.Sprint0.Task3.V0.Test.csproj", "{DD84C73B-BFA0-4682-BA30-AD54F9D4393E}"
EndProject
Project("{FAE04EC0-301F-11D3-BF4B-00C04F79EFBC}") = "Tyuiu.OgorodnikDV.Sprint0.Task3.V0", "Tyuiu.OgorodnikDV.Sprint0.Task3.V0\Tyuiu.OgorodnikDV.Sprint0.Task3.V0.csproj", "{C307D23C-AE42-437D-A360-F31F15681461}"
EndProject
Project("{FAE04EC0-301F-11D3-BF4B-00C04F79EFBC}") = "Tyuiu.OgorodnikDV.Sprint0.Task3.V0.Lib", "Tyuiu.OgorodnikDV.Sprint0.Task3.V0.Lib\Tyuiu.OgorodnikDV.Sprint0.Task3.V0.Lib.csproj", "{CF8C12B1-3542-4FC8-98AB-70D44ED7B4EA}"
EndProject
Project("{2150E333-8FDC-42A3-9474-1A3956D46DE8}") = "Task4", "Task4", "{C88C6A5C-262E-4CE5-8636-F66FA6EC3126}"
EndProject
Project("{FAE04EC0-301F-11D3-BF4B-00C04F79EFBC}") = "Tyuiu.OgorodnikDV.Sprint0.Task4.V0", "Tyuiu.OgorodnikDV.Sprint0.Task4.V0\Tyuiu.OgorodnikDV.Sprint0.Task4.V0.csproj", "{F22F7F7D-124E-49A4-A963-5AAB876E8613}"
EndProject
Project("{FAE04EC0-301F-11D3-BF4B-00C04F79EFBC}") = "Tyuiu.OgorodnikDV.Sprint0.Task4.V0.Lib", "Tyuiu.OgorodnikDV.Sprint0.Task4.V0.Lib\Tyuiu.OgorodnikDV.Sprint0.Task4.V0.Lib.csproj", "{8577CBAB-BEDE-4CBD-9D41-6497B95A6885}"
EndProject
Project("{FAE04EC0-301F-11D3-BF4B-00C04F79EFBC}") = "Tyuiu.OgorodnikDV.Sprint0.Task4.V0.Test", "Tyuiu.OgorodnikDV.Sprint0.Task4.V0.Test\Tyuiu.OgorodnikDV.Sprint0.Task4.V0.Test.csproj", "{0D99966F-84F1-46D1-ACA4-729F6582C9FC}"
EndProject
Project("{2150E333-8FDC-42A3-9474-1A3956D46DE8}") = "Task5", "Task5", "{EDE663CC-1F37-41F7-9CD5-5CB4912AF297}"
EndProject
Project("{FAE04EC0-301F-11D3-BF4B-00C04F79EFBC}") = "Tyuiu.OgorodnikDV.Sprint0.Task5.V0", "Tyuiu.OgorodnikDV.Sprint0.Task5.V0\Tyuiu.OgorodnikDV.Sprint0.Task5.V0.csproj", "{DEDDFB25-AB75-42ED-B6B8-7847411600CF}"
EndProject
Project("{FAE04EC0-301F-11D3-BF4B-00C04F79EFBC}") = "Tyuiu.OgorodnikDV.Sprint0.Task5.V0.Lib", "Tyuiu.OgorodnikDV.Sprint0.Task5.V0.Lib\Tyuiu.OgorodnikDV.Sprint0.Task5.V0.Lib.csproj", "{39FBC70A-0F09-4B7B-B44D-A7C5A350DB9F}"
EndProject
Project("{FAE04EC0-301F-11D3-BF4B-00C04F79EFBC}") = "Tyuiu.OgorodnikDV.Sprint0.Task5.V0.Test", "Tyuiu.OgorodnikDV.Sprint0.Task5.V0.Test\Tyuiu.OgorodnikDV.Sprint0.Task5.V0.Test.csproj", "{E3D9C67E-D4DE-4407-97AF-71F30D6B0EE0}"
EndProject
Global
	GlobalSection(SolutionConfigurationPlatforms) = preSolution
		Debug|Any CPU = Debug|Any CPU
		Release|Any CPU = Release|Any CPU
	EndGlobalSection
	GlobalSection(ProjectConfigurationPlatforms) = postSolution
		{6FA116A9-0616-44BD-AFEB-309B0C8BADC3}.Debug|Any CPU.ActiveCfg = Debug|Any CPU
		{6FA116A9-0616-44BD-AFEB-309B0C8BADC3}.Debug|Any CPU.Build.0 = Debug|Any CPU
		{6FA116A9-0616-44BD-AFEB-309B0C8BADC3}.Release|Any CPU.ActiveCfg = Release|Any CPU
		{6FA116A9-0616-44BD-AFEB-309B0C8BADC3}.Release|Any CPU.Build.0 = Release|Any CPU
		{1DE3829D-9DAA-46BD-AC9F-52BF28EB1DFC}.Debug|Any CPU.ActiveCfg = Debug|Any CPU
		{1DE3829D-9DAA-46BD-AC9F-52BF28EB1DFC}.Debug|Any CPU.Build.0 = Debug|Any CPU
		{1DE3829D-9DAA-46BD-AC9F-52BF28EB1DFC}.Release|Any CPU.ActiveCfg = Release|Any CPU
		{1DE3829D-9DAA-46BD-AC9F-52BF28EB1DFC}.Release|Any CPU.Build.0 = Release|Any CPU
		{864BAD2F-A1CA-437B-B04E-2575EE2A8FE9}.Debug|Any CPU.ActiveCfg = Debug|Any CPU
		{864BAD2F-A1CA-437B-B04E-2575EE2A8FE9}.Debug|Any CPU.Build.0 = Debug|Any CPU
		{864BAD2F-A1CA-437B-B04E-2575EE2A8FE9}.Release|Any CPU.ActiveCfg = Release|Any CPU
		{864BAD2F-A1CA-437B-B04E-2575EE2A8FE9}.Release|Any CPU.Build.0 = Release|Any CPU
		{F57567F3-94A2-4B1D-A781-4AE0AD1919FC}.Debug|Any CPU.ActiveCfg = Debug|Any CPU
		{F57567F3-94A2-4B1D-A781-4AE0AD1919FC}.Debug|Any CPU.Build.0 = Debug|Any CPU
		{F57567F3-94A2-4B1D-A781-4AE0AD1919FC}.Release|Any CPU.ActiveCfg = Release|Any CPU
		{F57567F3-94A2-4B1D-A781-4AE0AD1919FC}.Release|Any CPU.Build.0 = Release|Any CPU
		{1606A3FD-E6AF-4B72-80F8-27707A2B4F6C}.Debug|Any CPU.ActiveCfg = Debug|Any CPU
		{1606A3FD-E6AF-4B72-80F8-27707A2B4F6C}.Debug|Any CPU.Build.0 = Debug|Any CPU
		{1606A3FD-E6AF-4B72-80F8-27707A2B4F6C}.Release|Any CPU.ActiveCfg = Release|Any CPU
		{1606A3FD-E6AF-4B72-80F8-27707A2B4F6C}.Release|Any CPU.Build.0 = Release|Any CPU
		{DD84C73B-BFA0-4682-BA30-AD54F9D4393E}.Debug|Any CPU.ActiveCfg = Debug|Any CPU
		{DD84C73B-BFA0-4682-BA30-AD54F9D4393E}.Debug|Any CPU.Build.0 = Debug|Any CPU
		{DD84C73B-BFA0-4682-BA30-AD54F9D4393E}.Release|Any CPU.ActiveCfg = Release|Any CPU
		{DD84C73B-BFA0-4682-BA30-AD54F9D4393E}.Release|Any CPU.Build.0 = Release|Any CPU
		{C307D23C-AE42-437D-A360-F31F15681461}.Debug|Any CPU.ActiveCfg = Debug|Any CPU
		{C307D23C-AE42-437D-A360-F31F15681461}.Debug|Any CPU.Build.0 = Debug|Any CPU
		{C307D23C-AE42-437D-A360-F31F15681461}.Release|Any CPU.ActiveCfg = Release|Any CPU
		{C307D23C-AE42-437D-A360-F31F15681461}.Release|Any CPU.Build.0 = Release|Any CPU
		{CF8C12B1-3542-4FC8-98AB-70D44ED7B4EA}.Debug|Any CPU.ActiveCfg = Debug|Any CPU
		{CF8C12B1-3542-4FC8-98AB-70D44ED7B4EA}.Debug|Any CPU.Build.0 = Debug|Any CPU
		{CF8C12B1-3542-4FC8-98AB-70D44ED7B4EA}.Release|Any CPU.ActiveCfg = Release|Any CPU
		{CF8C12B1-3542-4FC8-98AB-70D44ED7B4EA}.Release|Any CPU.Build.0 = Release|Any CPU
		{F22F7F7D-124E-49A4-A963-5AAB876E8613}.Debug|Any CPU.ActiveCfg = Debug|Any CPU
		{F22F7F7D-124E-49A4-A963-5AAB876E8613}.Debug|Any CPU.Build.0 = Debug|Any CPU
		{F22F7F7D-124E-49A4-A963-5AAB876E8613}.Release|Any CPU.ActiveCfg = Release|Any CPU
		{F22F7F7D-124E-49A4-A963-5AAB876E8613}.Release|Any CPU.Build.0 = Release|Any CPU
		{8577CBAB-BEDE-4CBD-9D41-6497B95A6885}.Debug|Any CPU.ActiveCfg = Debug|Any CPU
		{8577CBAB-BEDE-4CBD-9D41-6497B95A6885}.Debug|Any CPU.Build.0 = Debug|Any CPU
		{8577CBAB-BEDE-4CBD-9D41-6497B95A6885}.Release|Any CPU.ActiveCfg = Release|Any CPU
		{8577CBAB-BEDE-4CBD-9D41-6497B95A6885}.Release|Any CPU.Build.0 = Release|Any CPU
		{0D99966F-84F1-46D1-ACA4-729F6582C9FC}.Debug|Any CPU.ActiveCfg = Debug|Any CPU
		{0D99966F-84F1-46D1-ACA4-729F6582C9FC}.Debug|Any CPU.Build.0 = Debug|Any CPU
		{0D99966F-84F1-46D1-ACA4-729F6582C9FC}.Release|Any CPU.ActiveCfg = Release|Any CPU
		{0D99966F-84F1-46D1-ACA4-729F6582C9FC}.Release|Any CPU.Build.0 = Release|Any CPU
		{DEDDFB25-AB75-42ED-B6B8-7847411600CF}.Debug|Any CPU.ActiveCfg = Debug|Any CPU
		{DEDDFB25-AB75-42ED-B6B8-7847411600CF}.Debug|Any CPU.Build.0 = Debug|Any CPU
		{DEDDFB25-AB75-42ED-B6B8-7847411600CF}.Release|Any CPU.ActiveCfg = Release|Any CPU
		{DEDDFB25-AB75-42ED-B6B8-7847411600CF}.Release|Any CPU.Build.0 = Release|Any CPU
		{39FBC70A-0F09-4B7B-B44D-A7C5A350DB9F}.Debug|Any CPU.ActiveCfg = Debug|Any CPU
		{39FBC70A-0F09-4B7B-B44D-A7C5A350DB9F}.Debug|Any CPU.Build.0 = Debug|Any CPU
		{39FBC70A-0F09-4B7B-B44D-A7C5A350DB9F}.Release|Any CPU.ActiveCfg = Release|Any CPU
		{39FBC70A-0F09-4B7B-B44D-A7C5A350DB9F}.Release|Any CPU.Build.0 = Release|Any CPU
		{E3D9C67E-D4DE-4407-97AF-71F30D6B0EE0}.Debug|Any CPU.ActiveCfg = Debug|Any CPU
		{E3D9C67E-D4DE-4407-97AF-71F30D6B0EE0}.Debug|Any CPU.Build.0 = Debug|Any CPU
		{E3D9C67E-D4DE-4407-97AF-71F30D6B0EE0}.Release|Any CPU.ActiveCfg = Release|Any CPU
		{E3D9C67E-D4DE-4407-97AF-71F30D6B0EE0}.Release|Any CPU.Build.0 = Release|Any CPU
	EndGlobalSection
	GlobalSection(SolutionProperties) = preSolution
		HideSolutionNode = FALSE
	EndGlobalSection
	GlobalSection(NestedProjects) = preSolution
		{6FA116A9-0616-44BD-AFEB-309B0C8BADC3} = {BC3188D1-6175-47AF-B15A-2EBFF7661510}
		{1DE3829D-9DAA-46BD-AC9F-52BF28EB1DFC} = {7C948DB8-8B91-493F-AFCC-9D1CD37403AC}
		{864BAD2F-A1CA-437B-B04E-2575EE2A8FE9} = {98517031-EAE2-482F-8F42-0BF2241909BA}
		{F57567F3-94A2-4B1D-A781-4AE0AD1919FC} = {98517031-EAE2-482F-8F42-0BF2241909BA}
		{1606A3FD-E6AF-4B72-80F8-27707A2B4F6C} = {98517031-EAE2-482F-8F42-0BF2241909BA}
		{DD84C73B-BFA0-4682-BA30-AD54F9D4393E} = {B94FB4B6-8E6B-4EC5-BE0A-1A77A52653CA}
		{C307D23C-AE42-437D-A360-F31F15681461} = {B94FB4B6-8E6B-4EC5-BE0A-1A77A52653CA}
		{CF8C12B1-3542-4FC8-98AB-70D44ED7B4EA} = {B94FB4B6-8E6B-4EC5-BE0A-1A77A52653CA}
		{F22F7F7D-124E-49A4-A963-5AAB876E8613} = {C88C6A5C-262E-4CE5-8636-F66FA6EC3126}
		{8577CBAB-BEDE-4CBD-9D41-6497B95A6885} = {C88C6A5C-262E-4CE5-8636-F66FA6EC3126}
		{0D99966F-84F1-46D1-ACA4-729F6582C9FC} = {C88C6A5C-262E-4CE5-8636-F66FA6EC3126}
		{DEDDFB25-AB75-42ED-B6B8-7847411600CF} = {EDE663CC-1F37-41F7-9CD5-5CB4912AF297}
		{39FBC70A-0F09-4B7B-B44D-A7C5A350DB9F} = {EDE663CC-1F37-41F7-9CD5-5CB4912AF297}
		{E3D9C67E-D4DE-4407-97AF-71F30D6B0EE0} = {EDE663CC-1F37-41F7-9CD5-5CB4912AF297}
	EndGlobalSection
	GlobalSection(ExtensibilityGlobals) = postSolution
		SolutionGuid = {873836CD-802D-4AF7-96A6-2BE267AB1C5B}
	EndGlobalSection
EndGlobal
